// !$*UTF8*$!
{
	archiveVersion = 1;
	classes = {
	};
	objectVersion = 77;
	objects = {

/* Begin PBXBuildFile section */
		650964272DECEF4B00D9B54D /* SkeletonUI in Frameworks */ = {isa = PBXBuildFile; productRef = 650964262DECEF4B00D9B54D /* SkeletonUI */; };
		6509642A2DECEF5E00D9B54D /* InlineSnapshotTesting in Frameworks */ = {isa = PBXBuildFile; productRef = 650964292DECEF5E00D9B54D /* InlineSnapshotTesting */; };
		6509642C2DECEF5E00D9B54D /* SnapshotTesting in Frameworks */ = {isa = PBXBuildFile; productRef = 6509642B2DECEF5E00D9B54D /* SnapshotTesting */; };
		6509642E2DECEF5E00D9B54D /* SnapshotTestingCustomDump in Frameworks */ = {isa = PBXBuildFile; productRef = 6509642D2DECEF5E00D9B54D /* SnapshotTestingCustomDump */; };
		65450DE32DEFC80B004FB2CC /* Resolver in Frameworks */ = {isa = PBXBuildFile; productRef = 65450DE22DEFC80B004FB2CC /* Resolver */; };
/* End PBXBuildFile section */

/* Begin PBXContainerItemProxy section */
		650963042DECDB6300D9B54D /* PBXContainerItemProxy */ = {
			isa = PBXContainerItemProxy;
			containerPortal = 650962ED2DECDB6100D9B54D /* Project object */;
			proxyType = 1;
			remoteGlobalIDString = 650962F42DECDB6100D9B54D;
			remoteInfo = InterTest;
		};
		6509630E2DECDB6300D9B54D /* PBXContainerItemProxy */ = {
			isa = PBXContainerItemProxy;
			containerPortal = 650962ED2DECDB6100D9B54D /* Project object */;
			proxyType = 1;
			remoteGlobalIDString = 650962F42DECDB6100D9B54D;
			remoteInfo = InterTest;
		};
/* End PBXContainerItemProxy section */

/* Begin PBXFileReference section */
		650962F52DECDB6100D9B54D /* InterTest.app */ = {isa = PBXFileReference; explicitFileType = wrapper.application; includeInIndex = 0; path = InterTest.app; sourceTree = BUILT_PRODUCTS_DIR; };
		650963032DECDB6300D9B54D /* InterTestTests.xctest */ = {isa = PBXFileReference; explicitFileType = wrapper.cfbundle; includeInIndex = 0; path = InterTestTests.xctest; sourceTree = BUILT_PRODUCTS_DIR; };
		6509630D2DECDB6300D9B54D /* InterTestUITests.xctest */ = {isa = PBXFileReference; explicitFileType = wrapper.cfbundle; includeInIndex = 0; path = InterTestUITests.xctest; sourceTree = BUILT_PRODUCTS_DIR; };
/* End PBXFileReference section */

/* Begin PBXFileSystemSynchronizedRootGroup section */
		650962F72DECDB6100D9B54D /* InterTest */ = {
			isa = PBXFileSystemSynchronizedRootGroup;
			path = InterTest;
			sourceTree = "<group>";
		};
		650963062DECDB6300D9B54D /* InterTestTests */ = {
			isa = PBXFileSystemSynchronizedRootGroup;
			path = InterTestTests;
			sourceTree = "<group>";
		};
		650963102DECDB6300D9B54D /* InterTestUITests */ = {
			isa = PBXFileSystemSynchronizedRootGroup;
			path = InterTestUITests;
			sourceTree = "<group>";
		};
/* End PBXFileSystemSynchronizedRootGroup section */

/* Begin PBXFrameworksBuildPhase section */
		650962F22DECDB6100D9B54D /* Frameworks */ = {
			isa = PBXFrameworksBuildPhase;
			buildActionMask = 2147483647;
			files = (
				65450DE32DEFC80B004FB2CC /* Resolver in Frameworks */,
				650964272DECEF4B00D9B54D /* SkeletonUI in Frameworks */,
			);
			runOnlyForDeploymentPostprocessing = 0;
		};
		650963002DECDB6300D9B54D /* Frameworks */ = {
			isa = PBXFrameworksBuildPhase;
			buildActionMask = 2147483647;
			files = (
			);
			runOnlyForDeploymentPostprocessing = 0;
		};
		6509630A2DECDB6300D9B54D /* Frameworks */ = {
			isa = PBXFrameworksBuildPhase;
			buildActionMask = 2147483647;
			files = (
				6509642E2DECEF5E00D9B54D /* SnapshotTestingCustomDump in Frameworks */,
				6509642A2DECEF5E00D9B54D /* InlineSnapshotTesting in Frameworks */,
				6509642C2DECEF5E00D9B54D /* SnapshotTesting in Frameworks */,
			);
			runOnlyForDeploymentPostprocessing = 0;
		};
/* End PBXFrameworksBuildPhase section */

/* Begin PBXGroup section */
		650962EC2DECDB6100D9B54D = {
			isa = PBXGroup;
			children = (
				650962F72DECDB6100D9B54D /* InterTest */,
				650963062DECDB6300D9B54D /* InterTestTests */,
				650963102DECDB6300D9B54D /* InterTestUITests */,
				650962F62DECDB6100D9B54D /* Products */,
			);
			sourceTree = "<group>";
		};
		650962F62DECDB6100D9B54D /* Products */ = {
			isa = PBXGroup;
			children = (
				650962F52DECDB6100D9B54D /* InterTest.app */,
				650963032DECDB6300D9B54D /* InterTestTests.xctest */,
				6509630D2DECDB6300D9B54D /* InterTestUITests.xctest */,
			);
			name = Products;
			sourceTree = "<group>";
		};
/* End PBXGroup section */

/* Begin PBXNativeTarget section */
		650962F42DECDB6100D9B54D /* InterTest */ = {
			isa = PBXNativeTarget;
			buildConfigurationList = 650963172DECDB6300D9B54D /* Build configuration list for PBXNativeTarget "InterTest" */;
			buildPhases = (
				650962F12DECDB6100D9B54D /* Sources */,
				650962F22DECDB6100D9B54D /* Frameworks */,
				650962F32DECDB6100D9B54D /* Resources */,
			);
			buildRules = (
			);
			dependencies = (
			);
			fileSystemSynchronizedGroups = (
				650962F72DECDB6100D9B54D /* InterTest */,
			);
			name = InterTest;
			packageProductDependencies = (
				650964262DECEF4B00D9B54D /* SkeletonUI */,
				65450DE22DEFC80B004FB2CC /* Resolver */,
			);
			productName = InterTest;
			productReference = 650962F52DECDB6100D9B54D /* InterTest.app */;
			productType = "com.apple.product-type.application";
		};
		650963022DECDB6300D9B54D /* InterTestTests */ = {
			isa = PBXNativeTarget;
			buildConfigurationList = 6509631A2DECDB6300D9B54D /* Build configuration list for PBXNativeTarget "InterTestTests" */;
			buildPhases = (
				650962FF2DECDB6300D9B54D /* Sources */,
				650963002DECDB6300D9B54D /* Frameworks */,
				650963012DECDB6300D9B54D /* Resources */,
			);
			buildRules = (
			);
			dependencies = (
				650963052DECDB6300D9B54D /* PBXTargetDependency */,
			);
			fileSystemSynchronizedGroups = (
				650963062DECDB6300D9B54D /* InterTestTests */,
			);
			name = InterTestTests;
			packageProductDependencies = (
			);
			productName = InterTestTests;
			productReference = 650963032DECDB6300D9B54D /* InterTestTests.xctest */;
			productType = "com.apple.product-type.bundle.unit-test";
		};
		6509630C2DECDB6300D9B54D /* InterTestUITests */ = {
			isa = PBXNativeTarget;
			buildConfigurationList = 6509631D2DECDB6300D9B54D /* Build configuration list for PBXNativeTarget "InterTestUITests" */;
			buildPhases = (
				650963092DECDB6300D9B54D /* Sources */,
				6509630A2DECDB6300D9B54D /* Frameworks */,
				6509630B2DECDB6300D9B54D /* Resources */,
			);
			buildRules = (
			);
			dependencies = (
				6509630F2DECDB6300D9B54D /* PBXTargetDependency */,
			);
			fileSystemSynchronizedGroups = (
				650963102DECDB6300D9B54D /* InterTestUITests */,
			);
			name = InterTestUITests;
			packageProductDependencies = (
				650964292DECEF5E00D9B54D /* InlineSnapshotTesting */,
				6509642B2DECEF5E00D9B54D /* SnapshotTesting */,
				6509642D2DECEF5E00D9B54D /* SnapshotTestingCustomDump */,
			);
			productName = InterTestUITests;
			productReference = 6509630D2DECDB6300D9B54D /* InterTestUITests.xctest */;
			productType = "com.apple.product-type.bundle.ui-testing";
		};
/* End PBXNativeTarget section */

/* Begin PBXProject section */
		650962ED2DECDB6100D9B54D /* Project object */ = {
			isa = PBXProject;
			attributes = {
				BuildIndependentTargetsInParallel = 1;
				LastSwiftUpdateCheck = 1640;
				LastUpgradeCheck = 1640;
				TargetAttributes = {
					650962F42DECDB6100D9B54D = {
						CreatedOnToolsVersion = 16.4;
					};
					650963022DECDB6300D9B54D = {
						CreatedOnToolsVersion = 16.4;
						LastSwiftMigration = 1640;
						TestTargetID = 650962F42DECDB6100D9B54D;
					};
					6509630C2DECDB6300D9B54D = {
						CreatedOnToolsVersion = 16.4;
						TestTargetID = 650962F42DECDB6100D9B54D;
					};
				};
			};
			buildConfigurationList = 650962F02DECDB6100D9B54D /* Build configuration list for PBXProject "InterTest" */;
			developmentRegion = en;
			hasScannedForEncodings = 0;
			knownRegions = (
				en,
				Base,
			);
			mainGroup = 650962EC2DECDB6100D9B54D;
			minimizedProjectReferenceProxies = 1;
			packageReferences = (
				650964252DECEF4B00D9B54D /* XCRemoteSwiftPackageReference "SkeletonUI" */,
				650964282DECEF5E00D9B54D /* XCRemoteSwiftPackageReference "swift-snapshot-testing" */,
				65450DE12DEFC80B004FB2CC /* XCRemoteSwiftPackageReference "Resolver" */,
			);
			preferredProjectObjectVersion = 77;
			productRefGroup = 650962F62DECDB6100D9B54D /* Products */;
			projectDirPath = "";
			projectRoot = "";
			targets = (
				650962F42DECDB6100D9B54D /* InterTest */,
				650963022DECDB6300D9B54D /* InterTestTests */,
				6509630C2DECDB6300D9B54D /* InterTestUITests */,
			);
		};
/* End PBXProject section */

/* Begin PBXResourcesBuildPhase section */
		650962F32DECDB6100D9B54D /* Resources */ = {
			isa = PBXResourcesBuildPhase;
			buildActionMask = 2147483647;
			files = (
			);
			runOnlyForDeploymentPostprocessing = 0;
		};
		650963012DECDB6300D9B54D /* Resources */ = {
			isa = PBXResourcesBuildPhase;
			buildActionMask = 2147483647;
			files = (
			);
			runOnlyForDeploymentPostprocessing = 0;
		};
		6509630B2DECDB6300D9B54D /* Resources */ = {
			isa = PBXResourcesBuildPhase;
			buildActionMask = 2147483647;
			files = (
			);
			runOnlyForDeploymentPostprocessing = 0;
		};
/* End PBXResourcesBuildPhase section */

/* Begin PBXSourcesBuildPhase section */
		650962F12DECDB6100D9B54D /* Sources */ = {
			isa = PBXSourcesBuildPhase;
			buildActionMask = 2147483647;
			files = (
			);
			runOnlyForDeploymentPostprocessing = 0;
		};
		650962FF2DECDB6300D9B54D /* Sources */ = {
			isa = PBXSourcesBuildPhase;
			buildActionMask = 2147483647;
			files = (
			);
			runOnlyForDeploymentPostprocessing = 0;
		};
		650963092DECDB6300D9B54D /* Sources */ = {
			isa = PBXSourcesBuildPhase;
			buildActionMask = 2147483647;
			files = (
			);
			runOnlyForDeploymentPostprocessing = 0;
		};
/* End PBXSourcesBuildPhase section */

/* Begin PBXTargetDependency section */
		650963052DECDB6300D9B54D /* PBXTargetDependency */ = {
			isa = PBXTargetDependency;
			target = 650962F42DECDB6100D9B54D /* InterTest */;
			targetProxy = 650963042DECDB6300D9B54D /* PBXContainerItemProxy */;
		};
		6509630F2DECDB6300D9B54D /* PBXTargetDependency */ = {
			isa = PBXTargetDependency;
			target = 650962F42DECDB6100D9B54D /* InterTest */;
			targetProxy = 6509630E2DECDB6300D9B54D /* PBXContainerItemProxy */;
		};
/* End PBXTargetDependency section */

/* Begin XCBuildConfiguration section */
		650963152DECDB6300D9B54D /* Debug */ = {
			isa = XCBuildConfiguration;
			buildSettings = {
				ALWAYS_SEARCH_USER_PATHS = NO;
				ASSETCATALOG_COMPILER_GENERATE_SWIFT_ASSET_SYMBOL_EXTENSIONS = YES;
				CLANG_ANALYZER_NONNULL = YES;
				CLANG_ANALYZER_NUMBER_OBJECT_CONVERSION = YES_AGGRESSIVE;
				CLANG_CXX_LANGUAGE_STANDARD = "gnu++20";
				CLANG_ENABLE_MODULES = YES;
				CLANG_ENABLE_OBJC_ARC = YES;
				CLANG_ENABLE_OBJC_WEAK = YES;
				CLANG_WARN_BLOCK_CAPTURE_AUTORELEASING = YES;
				CLANG_WARN_BOOL_CONVERSION = YES;
				CLANG_WARN_COMMA = YES;
				CLANG_WARN_CONSTANT_CONVERSION = YES;
				CLANG_WARN_DEPRECATED_OBJC_IMPLEMENTATIONS = YES;
				CLANG_WARN_DIRECT_OBJC_ISA_USAGE = YES_ERROR;
				CLANG_WARN_DOCUMENTATION_COMMENTS = YES;
				CLANG_WARN_EMPTY_BODY = YES;
				CLANG_WARN_ENUM_CONVERSION = YES;
				CLANG_WARN_INFINITE_RECURSION = YES;
				CLANG_WARN_INT_CONVERSION = YES;
				CLANG_WARN_NON_LITERAL_NULL_CONVERSION = YES;
				CLANG_WARN_OBJC_IMPLICIT_RETAIN_SELF = YES;
				CLANG_WARN_OBJC_LITERAL_CONVERSION = YES;
				CLANG_WARN_OBJC_ROOT_CLASS = YES_ERROR;
				CLANG_WARN_QUOTED_INCLUDE_IN_FRAMEWORK_HEADER = YES;
				CLANG_WARN_RANGE_LOOP_ANALYSIS = YES;
				CLANG_WARN_STRICT_PROTOTYPES = YES;
				CLANG_WARN_SUSPICIOUS_MOVE = YES;
				CLANG_WARN_UNGUARDED_AVAILABILITY = YES_AGGRESSIVE;
				CLANG_WARN_UNREACHABLE_CODE = YES;
				CLANG_WARN__DUPLICATE_METHOD_MATCH = YES;
				COPY_PHASE_STRIP = NO;
				DEBUG_INFORMATION_FORMAT = dwarf;
				ENABLE_STRICT_OBJC_MSGSEND = YES;
				ENABLE_TESTABILITY = YES;
				ENABLE_USER_SCRIPT_SANDBOXING = YES;
				GCC_C_LANGUAGE_STANDARD = gnu17;
				GCC_DYNAMIC_NO_PIC = NO;
				GCC_NO_COMMON_BLOCKS = YES;
				GCC_OPTIMIZATION_LEVEL = 0;
				GCC_PREPROCESSOR_DEFINITIONS = (
					"DEBUG=1",
					"$(inherited)",
				);
				GCC_WARN_64_TO_32_BIT_CONVERSION = YES;
				GCC_WARN_ABOUT_RETURN_TYPE = YES_ERROR;
				GCC_WARN_UNDECLARED_SELECTOR = YES;
				GCC_WARN_UNINITIALIZED_AUTOS = YES_AGGRESSIVE;
				GCC_WARN_UNUSED_FUNCTION = YES;
				GCC_WARN_UNUSED_VARIABLE = YES;
				LOCALIZATION_PREFERS_STRING_CATALOGS = YES;
				MTL_ENABLE_DEBUG_INFO = INCLUDE_SOURCE;
				MTL_FAST_MATH = YES;
				ONLY_ACTIVE_ARCH = YES;
				SWIFT_ACTIVE_COMPILATION_CONDITIONS = "DEBUG $(inherited)";
				SWIFT_OPTIMIZATION_LEVEL = "-Onone";
			};
			name = Debug;
		};
		650963162DECDB6300D9B54D /* Release */ = {
			isa = XCBuildConfiguration;
			buildSettings = {
				ALWAYS_SEARCH_USER_PATHS = NO;
				ASSETCATALOG_COMPILER_GENERATE_SWIFT_ASSET_SYMBOL_EXTENSIONS = YES;
				CLANG_ANALYZER_NONNULL = YES;
				CLANG_ANALYZER_NUMBER_OBJECT_CONVERSION = YES_AGGRESSIVE;
				CLANG_CXX_LANGUAGE_STANDARD = "gnu++20";
				CLANG_ENABLE_MODULES = YES;
				CLANG_ENABLE_OBJC_ARC = YES;
				CLANG_ENABLE_OBJC_WEAK = YES;
				CLANG_WARN_BLOCK_CAPTURE_AUTORELEASING = YES;
				CLANG_WARN_BOOL_CONVERSION = YES;
				CLANG_WARN_COMMA = YES;
				CLANG_WARN_CONSTANT_CONVERSION = YES;
				CLANG_WARN_DEPRECATED_OBJC_IMPLEMENTATIONS = YES;
				CLANG_WARN_DIRECT_OBJC_ISA_USAGE = YES_ERROR;
				CLANG_WARN_DOCUMENTATION_COMMENTS = YES;
				CLANG_WARN_EMPTY_BODY = YES;
				CLANG_WARN_ENUM_CONVERSION = YES;
				CLANG_WARN_INFINITE_RECURSION = YES;
				CLANG_WARN_INT_CONVERSION = YES;
				CLANG_WARN_NON_LITERAL_NULL_CONVERSION = YES;
				CLANG_WARN_OBJC_IMPLICIT_RETAIN_SELF = YES;
				CLANG_WARN_OBJC_LITERAL_CONVERSION = YES;
				CLANG_WARN_OBJC_ROOT_CLASS = YES_ERROR;
				CLANG_WARN_QUOTED_INCLUDE_IN_FRAMEWORK_HEADER = YES;
				CLANG_WARN_RANGE_LOOP_ANALYSIS = YES;
				CLANG_WARN_STRICT_PROTOTYPES = YES;
				CLANG_WARN_SUSPICIOUS_MOVE = YES;
				CLANG_WARN_UNGUARDED_AVAILABILITY = YES_AGGRESSIVE;
				CLANG_WARN_UNREACHABLE_CODE = YES;
				CLANG_WARN__DUPLICATE_METHOD_MATCH = YES;
				COPY_PHASE_STRIP = NO;
				DEBUG_INFORMATION_FORMAT = "dwarf-with-dsym";
				ENABLE_NS_ASSERTIONS = NO;
				ENABLE_STRICT_OBJC_MSGSEND = YES;
				ENABLE_USER_SCRIPT_SANDBOXING = YES;
				GCC_C_LANGUAGE_STANDARD = gnu17;
				GCC_NO_COMMON_BLOCKS = YES;
				GCC_WARN_64_TO_32_BIT_CONVERSION = YES;
				GCC_WARN_ABOUT_RETURN_TYPE = YES_ERROR;
				GCC_WARN_UNDECLARED_SELECTOR = YES;
				GCC_WARN_UNINITIALIZED_AUTOS = YES_AGGRESSIVE;
				GCC_WARN_UNUSED_FUNCTION = YES;
				GCC_WARN_UNUSED_VARIABLE = YES;
				LOCALIZATION_PREFERS_STRING_CATALOGS = YES;
				MTL_ENABLE_DEBUG_INFO = NO;
				MTL_FAST_MATH = YES;
				SWIFT_COMPILATION_MODE = wholemodule;
			};
			name = Release;
		};
		650963182DECDB6300D9B54D /* Debug */ = {
			isa = XCBuildConfiguration;
			buildSettings = {
				ASSETCATALOG_COMPILER_APPICON_NAME = AppIcon;
				ASSETCATALOG_COMPILER_GLOBAL_ACCENT_COLOR_NAME = AccentColor;
				CODE_SIGN_ENTITLEMENTS = InterTest/InterTest.entitlements;
				CODE_SIGN_STYLE = Automatic;
				CURRENT_PROJECT_VERSION = 1;
				ENABLE_PREVIEWS = YES;
				GENERATE_INFOPLIST_FILE = YES;
				"INFOPLIST_KEY_UIApplicationSceneManifest_Generation[sdk=iphoneos*]" = YES;
				"INFOPLIST_KEY_UIApplicationSceneManifest_Generation[sdk=iphonesimulator*]" = YES;
				"INFOPLIST_KEY_UIApplicationSupportsIndirectInputEvents[sdk=iphoneos*]" = YES;
				"INFOPLIST_KEY_UIApplicationSupportsIndirectInputEvents[sdk=iphonesimulator*]" = YES;
				"INFOPLIST_KEY_UILaunchScreen_Generation[sdk=iphoneos*]" = YES;
				"INFOPLIST_KEY_UILaunchScreen_Generation[sdk=iphonesimulator*]" = YES;
				"INFOPLIST_KEY_UIStatusBarStyle[sdk=iphoneos*]" = UIStatusBarStyleDefault;
				"INFOPLIST_KEY_UIStatusBarStyle[sdk=iphonesimulator*]" = UIStatusBarStyleDefault;
				INFOPLIST_KEY_UISupportedInterfaceOrientations_iPad = "UIInterfaceOrientationPortrait UIInterfaceOrientationPortraitUpsideDown UIInterfaceOrientationLandscapeLeft UIInterfaceOrientationLandscapeRight";
				INFOPLIST_KEY_UISupportedInterfaceOrientations_iPhone = "UIInterfaceOrientationPortrait UIInterfaceOrientationLandscapeLeft UIInterfaceOrientationLandscapeRight";
				IPHONEOS_DEPLOYMENT_TARGET = 18.5;
				LD_RUNPATH_SEARCH_PATHS = "@executable_path/Frameworks";
				"LD_RUNPATH_SEARCH_PATHS[sdk=macosx*]" = "@executable_path/../Frameworks";
				MACOSX_DEPLOYMENT_TARGET = 15.5;
				MARKETING_VERSION = 1.0;
				PRODUCT_BUNDLE_IDENTIFIER = inter.InterTest;
				PRODUCT_NAME = "$(TARGET_NAME)";
				REGISTER_APP_GROUPS = YES;
				SDKROOT = auto;
				SUPPORTED_PLATFORMS = "iphoneos iphonesimulator macosx xros xrsimulator";
				SWIFT_EMIT_LOC_STRINGS = YES;
				SWIFT_VERSION = 5.0;
				TARGETED_DEVICE_FAMILY = "1,2,7";
				XROS_DEPLOYMENT_TARGET = 2.5;
			};
			name = Debug;
		};
		650963192DECDB6300D9B54D /* Release */ = {
			isa = XCBuildConfiguration;
			buildSettings = {
				ASSETCATALOG_COMPILER_APPICON_NAME = AppIcon;
				ASSETCATALOG_COMPILER_GLOBAL_ACCENT_COLOR_NAME = AccentColor;
				CODE_SIGN_ENTITLEMENTS = InterTest/InterTest.entitlements;
				CODE_SIGN_STYLE = Automatic;
				CURRENT_PROJECT_VERSION = 1;
				ENABLE_PREVIEWS = YES;
				GENERATE_INFOPLIST_FILE = YES;
				"INFOPLIST_KEY_UIApplicationSceneManifest_Generation[sdk=iphoneos*]" = YES;
				"INFOPLIST_KEY_UIApplicationSceneManifest_Generation[sdk=iphonesimulator*]" = YES;
				"INFOPLIST_KEY_UIApplicationSupportsIndirectInputEvents[sdk=iphoneos*]" = YES;
				"INFOPLIST_KEY_UIApplicationSupportsIndirectInputEvents[sdk=iphonesimulator*]" = YES;
				"INFOPLIST_KEY_UILaunchScreen_Generation[sdk=iphoneos*]" = YES;
				"INFOPLIST_KEY_UILaunchScreen_Generation[sdk=iphonesimulator*]" = YES;
				"INFOPLIST_KEY_UIStatusBarStyle[sdk=iphoneos*]" = UIStatusBarStyleDefault;
				"INFOPLIST_KEY_UIStatusBarStyle[sdk=iphonesimulator*]" = UIStatusBarStyleDefault;
				INFOPLIST_KEY_UISupportedInterfaceOrientations_iPad = "UIInterfaceOrientationPortrait UIInterfaceOrientationPortraitUpsideDown UIInterfaceOrientationLandscapeLeft UIInterfaceOrientationLandscapeRight";
				INFOPLIST_KEY_UISupportedInterfaceOrientations_iPhone = "UIInterfaceOrientationPortrait UIInterfaceOrientationLandscapeLeft UIInterfaceOrientationLandscapeRight";
				IPHONEOS_DEPLOYMENT_TARGET = 18.5;
				LD_RUNPATH_SEARCH_PATHS = "@executable_path/Frameworks";
				"LD_RUNPATH_SEARCH_PATHS[sdk=macosx*]" = "@executable_path/../Frameworks";
				MACOSX_DEPLOYMENT_TARGET = 15.5;
				MARKETING_VERSION = 1.0;
				PRODUCT_BUNDLE_IDENTIFIER = inter.InterTest;
				PRODUCT_NAME = "$(TARGET_NAME)";
				REGISTER_APP_GROUPS = YES;
				SDKROOT = auto;
				SUPPORTED_PLATFORMS = "iphoneos iphonesimulator macosx xros xrsimulator";
				SWIFT_EMIT_LOC_STRINGS = YES;
				SWIFT_VERSION = 5.0;
				TARGETED_DEVICE_FAMILY = "1,2,7";
				XROS_DEPLOYMENT_TARGET = 2.5;
			};
			name = Release;
		};
		6509631B2DECDB6300D9B54D /* Debug */ = {
			isa = XCBuildConfiguration;
			buildSettings = {
				BUNDLE_LOADER = "$(TEST_HOST)";
				CLANG_ENABLE_MODULES = YES;
				CODE_SIGN_STYLE = Automatic;
				CURRENT_PROJECT_VERSION = 1;
				GENERATE_INFOPLIST_FILE = YES;
				IPHONEOS_DEPLOYMENT_TARGET = 18.5;
				MACOSX_DEPLOYMENT_TARGET = 15.5;
				MARKETING_VERSION = 1.0;
				PRODUCT_BUNDLE_IDENTIFIER = inter.InterTestTests;
				PRODUCT_NAME = "$(TARGET_NAME)";
				SDKROOT = auto;
				SUPPORTED_PLATFORMS = "iphoneos iphonesimulator macosx xros xrsimulator";
				SWIFT_EMIT_LOC_STRINGS = NO;
				SWIFT_OPTIMIZATION_LEVEL = "-Onone";
				SWIFT_VERSION = 5.0;
				TARGETED_DEVICE_FAMILY = "1,2,7";
				TEST_HOST = "$(BUILT_PRODUCTS_DIR)/InterTest.app/$(BUNDLE_EXECUTABLE_FOLDER_PATH)/InterTest";
				XROS_DEPLOYMENT_TARGET = 2.5;
			};
			name = Debug;
		};
		6509631C2DECDB6300D9B54D /* Release */ = {
			isa = XCBuildConfiguration;
			buildSettings = {
				BUNDLE_LOADER = "$(TEST_HOST)";
				CLANG_ENABLE_MODULES = YES;
				CODE_SIGN_STYLE = Automatic;
				CURRENT_PROJECT_VERSION = 1;
				GENERATE_INFOPLIST_FILE = YES;
				IPHONEOS_DEPLOYMENT_TARGET = 18.5;
				MACOSX_DEPLOYMENT_TARGET = 15.5;
				MARKETING_VERSION = 1.0;
				PRODUCT_BUNDLE_IDENTIFIER = inter.InterTestTests;
				PRODUCT_NAME = "$(TARGET_NAME)";
				SDKROOT = auto;
				SUPPORTED_PLATFORMS = "iphoneos iphonesimulator macosx xros xrsimulator";
				SWIFT_EMIT_LOC_STRINGS = NO;
				SWIFT_VERSION = 5.0;
				TARGETED_DEVICE_FAMILY = "1,2,7";
				TEST_HOST = "$(BUILT_PRODUCTS_DIR)/InterTest.app/$(BUNDLE_EXECUTABLE_FOLDER_PATH)/InterTest";
				XROS_DEPLOYMENT_TARGET = 2.5;
			};
			name = Release;
		};
		6509631E2DECDB6300D9B54D /* Debug */ = {
			isa = XCBuildConfiguration;
			buildSettings = {
				CODE_SIGN_STYLE = Automatic;
				CURRENT_PROJECT_VERSION = 1;
				GENERATE_INFOPLIST_FILE = YES;
				IPHONEOS_DEPLOYMENT_TARGET = 18.5;
				MACOSX_DEPLOYMENT_TARGET = 15.5;
				MARKETING_VERSION = 1.0;
				PRODUCT_BUNDLE_IDENTIFIER = inter.InterTestUITests;
				PRODUCT_NAME = "$(TARGET_NAME)";
				SDKROOT = auto;
				SUPPORTED_PLATFORMS = "iphoneos iphonesimulator macosx xros xrsimulator";
				SWIFT_EMIT_LOC_STRINGS = NO;
				SWIFT_VERSION = 5.0;
				TARGETED_DEVICE_FAMILY = "1,2,7";
				TEST_TARGET_NAME = InterTest;
				XROS_DEPLOYMENT_TARGET = 2.5;
			};
			name = Debug;
		};
		6509631F2DECDB6300D9B54D /* Release */ = {
			isa = XCBuildConfiguration;
			buildSettings = {
				CODE_SIGN_STYLE = Automatic;
				CURRENT_PROJECT_VERSION = 1;
				GENERATE_INFOPLIST_FILE = YES;
				IPHONEOS_DEPLOYMENT_TARGET = 18.5;
				MACOSX_DEPLOYMENT_TARGET = 15.5;
				MARKETING_VERSION = 1.0;
				PRODUCT_BUNDLE_IDENTIFIER = inter.InterTestUITests;
				PRODUCT_NAME = "$(TARGET_NAME)";
				SDKROOT = auto;
				SUPPORTED_PLATFORMS = "iphoneos iphonesimulator macosx xros xrsimulator";
				SWIFT_EMIT_LOC_STRINGS = NO;
				SWIFT_VERSION = 5.0;
				TARGETED_DEVICE_FAMILY = "1,2,7";
				TEST_TARGET_NAME = InterTest;
				XROS_DEPLOYMENT_TARGET = 2.5;
			};
			name = Release;
		};
/* End XCBuildConfiguration section */

/* Begin XCConfigurationList section */
		650962F02DECDB6100D9B54D /* Build configuration list for PBXProject "InterTest" */ = {
			isa = XCConfigurationList;
			buildConfigurations = (
				650963152DECDB6300D9B54D /* Debug */,
				650963162DECDB6300D9B54D /* Release */,
			);
			defaultConfigurationIsVisible = 0;
			defaultConfigurationName = Release;
		};
		650963172DECDB6300D9B54D /* Build configuration list for PBXNativeTarget "InterTest" */ = {
			isa = XCConfigurationList;
			buildConfigurations = (
				650963182DECDB6300D9B54D /* Debug */,
				650963192DECDB6300D9B54D /* Release */,
			);
			defaultConfigurationIsVisible = 0;
			defaultConfigurationName = Release;
		};
		6509631A2DECDB6300D9B54D /* Build configuration list for PBXNativeTarget "InterTestTests" */ = {
			isa = XCConfigurationList;
			buildConfigurations = (
				6509631B2DECDB6300D9B54D /* Debug */,
				6509631C2DECDB6300D9B54D /* Release */,
			);
			defaultConfigurationIsVisible = 0;
			defaultConfigurationName = Release;
		};
		6509631D2DECDB6300D9B54D /* Build configuration list for PBXNativeTarget "InterTestUITests" */ = {
			isa = XCConfigurationList;
			buildConfigurations = (
				6509631E2DECDB6300D9B54D /* Debug */,
				6509631F2DECDB6300D9B54D /* Release */,
			);
			defaultConfigurationIsVisible = 0;
			defaultConfigurationName = Release;
		};
/* End XCConfigurationList section */

/* Begin XCRemoteSwiftPackageReference section */
		650964252DECEF4B00D9B54D /* XCRemoteSwiftPackageReference "SkeletonUI" */ = {
			isa = XCRemoteSwiftPackageReference;
			repositoryURL = "https://github.com/CSolanaM/SkeletonUI.git";
			requirement = {
				kind = upToNextMajorVersion;
				minimumVersion = 2.0.2;
			};
		};
		650964282DECEF5E00D9B54D /* XCRemoteSwiftPackageReference "swift-snapshot-testing" */ = {
			isa = XCRemoteSwiftPackageReference;
			repositoryURL = "https://github.com/pointfreeco/swift-snapshot-testing";
			requirement = {
				kind = upToNextMajorVersion;
				minimumVersion = 1.18.4;
			};
		};
		65450DE12DEFC80B004FB2CC /* XCRemoteSwiftPackageReference "Resolver" */ = {
			isa = XCRemoteSwiftPackageReference;
			repositoryURL = "https://github.com/hmlongco/Resolver";
			requirement = {
				kind = upToNextMajorVersion;
				minimumVersion = 1.5.1;
			};
		};
/* End XCRemoteSwiftPackageReference section */

/* Begin XCSwiftPackageProductDependency section */
		650964262DECEF4B00D9B54D /* SkeletonUI */ = {
			isa = XCSwiftPackageProductDependency;
			package = 650964252DECEF4B00D9B54D /* XCRemoteSwiftPackageReference "SkeletonUI" */;
			productName = SkeletonUI;
		};
		650964292DECEF5E00D9B54D /* InlineSnapshotTesting */ = {
			isa = XCSwiftPackageProductDependency;
			package = 650964282DECEF5E00D9B54D /* XCRemoteSwiftPackageReference "swift-snapshot-testing" */;
			productName = InlineSnapshotTesting;
		};
		6509642B2DECEF5E00D9B54D /* SnapshotTesting */ = {
			isa = XCSwiftPackageProductDependency;
			package = 650964282DECEF5E00D9B54D /* XCRemoteSwiftPackageReference "swift-snapshot-testing" */;
			productName = SnapshotTesting;
		};
		6509642D2DECEF5E00D9B54D /* SnapshotTestingCustomDump */ = {
			isa = XCSwiftPackageProductDependency;
			package = 650964282DECEF5E00D9B54D /* XCRemoteSwiftPackageReference "swift-snapshot-testing" */;
			productName = SnapshotTestingCustomDump;
		};
		65450DE22DEFC80B004FB2CC /* Resolver */ = {
			isa = XCSwiftPackageProductDependency;
			package = 65450DE12DEFC80B004FB2CC /* XCRemoteSwiftPackageReference "Resolver" */;
			productName = Resolver;
		};
/* End XCSwiftPackageProductDependency section */
	};
	rootObject = 650962ED2DECDB6100D9B54D /* Project object */;
}
